// !$*UTF8*$!
{
	archiveVersion = 1;
	classes = {
	};
	objectVersion = 55;
	objects = {

/* Begin PBXBuildFile section */
		5011857A288C491400843301 /* CardTextFieldView.swift in Sources */ = {isa = PBXBuildFile; fileRef = 50118579288C491400843301 /* CardTextFieldView.swift */; };
		5011857C288C682100843301 /* CardTextFieldToCopyView.swift in Sources */ = {isa = PBXBuildFile; fileRef = 5011857B288C682100843301 /* CardTextFieldToCopyView.swift */; };
		502BF473283E81B800424F5E /* CardholderApp.swift in Sources */ = {isa = PBXBuildFile; fileRef = 502BF472283E81B800424F5E /* CardholderApp.swift */; };
		502BF475283E81B800424F5E /* MainScreenView.swift in Sources */ = {isa = PBXBuildFile; fileRef = 502BF474283E81B800424F5E /* MainScreenView.swift */; };
		502BF477283E81BB00424F5E /* Assets.xcassets in Resources */ = {isa = PBXBuildFile; fileRef = 502BF476283E81BB00424F5E /* Assets.xcassets */; };
		502BF47A283E81BB00424F5E /* Preview Assets.xcassets in Resources */ = {isa = PBXBuildFile; fileRef = 502BF479283E81BB00424F5E /* Preview Assets.xcassets */; };
		5030FE32283E9AA4002A3B95 /* RoundedButtonView.swift in Sources */ = {isa = PBXBuildFile; fileRef = 5030FE31283E9AA4002A3B95 /* RoundedButtonView.swift */; };
		5030FE34283F7BF5002A3B95 /* CardView.swift in Sources */ = {isa = PBXBuildFile; fileRef = 5030FE33283F7BF5002A3B95 /* CardView.swift */; };
		5030FE37283FAB24002A3B95 /* Card.swift in Sources */ = {isa = PBXBuildFile; fileRef = 5030FE36283FAB24002A3B95 /* Card.swift */; };
		5030FE3A283FAF3E002A3B95 /* CardViewModel.swift in Sources */ = {isa = PBXBuildFile; fileRef = 5030FE39283FAF3E002A3B95 /* CardViewModel.swift */; };
		50313FAF289E99FA00B9A88D /* PartialSheet in Frameworks */ = {isa = PBXBuildFile; productRef = 50313FAE289E99FA00B9A88D /* PartialSheet */; };
		503CCFB9284D435E006CDBBC /* CardDetails.swift in Sources */ = {isa = PBXBuildFile; fileRef = 503CCFB8284D435E006CDBBC /* CardDetails.swift */; };
		503E113928A6E661008A7CE0 /* KeychainSwift in Frameworks */ = {isa = PBXBuildFile; productRef = 503E113828A6E661008A7CE0 /* KeychainSwift */; };
		503F4363289EE01C0050F2FF /* NotesView.swift in Sources */ = {isa = PBXBuildFile; fileRef = 503F4362289EE01C0050F2FF /* NotesView.swift */; };
		503F4366289EEE040050F2FF /* OnBoardingView.swift in Sources */ = {isa = PBXBuildFile; fileRef = 503F4365289EEE040050F2FF /* OnBoardingView.swift */; };
		5045BBFD28479AD7008A633A /* CardStyle.swift in Sources */ = {isa = PBXBuildFile; fileRef = 5045BBFC28479AD7008A633A /* CardStyle.swift */; };
		5045BBFF28479B47008A633A /* Provider.swift in Sources */ = {isa = PBXBuildFile; fileRef = 5045BBFE28479B47008A633A /* Provider.swift */; };
		5045BC0128479B9B008A633A /* CustomFont.swift in Sources */ = {isa = PBXBuildFile; fileRef = 5045BC0028479B9B008A633A /* CustomFont.swift */; };
		5045BC0528479F56008A633A /* Storage.swift in Sources */ = {isa = PBXBuildFile; fileRef = 5045BC0428479F56008A633A /* Storage.swift */; };
		5045BC072847C03D008A633A /* CustomTextFieldStyle.swift in Sources */ = {isa = PBXBuildFile; fileRef = 5045BC062847C03D008A633A /* CustomTextFieldStyle.swift */; };
		5045BC092848D004008A633A /* CardNumberFormatter.swift in Sources */ = {isa = PBXBuildFile; fileRef = 5045BC082848D004008A633A /* CardNumberFormatter.swift */; };
		5045BC0D28495F52008A633A /* KeyboardPublisher+View.swift in Sources */ = {isa = PBXBuildFile; fileRef = 5045BC0C28495F52008A633A /* KeyboardPublisher+View.swift */; };
		5079EEE8284A58A1002481D2 /* CardStyleCollectionView.swift in Sources */ = {isa = PBXBuildFile; fileRef = 5079EEE7284A58A1002481D2 /* CardStyleCollectionView.swift */; };
		5086D2352843D48200E471CC /* AddNewCardView.swift in Sources */ = {isa = PBXBuildFile; fileRef = 5086D2342843D48200E471CC /* AddNewCardView.swift */; };
		50AF7393284671C2000017F1 /* HideKeyboard+View.swift in Sources */ = {isa = PBXBuildFile; fileRef = 50AF7392284671C2000017F1 /* HideKeyboard+View.swift */; };
		50D43E3D284381E9001F292B /* CardholderTests.swift in Sources */ = {isa = PBXBuildFile; fileRef = 50D43E3C284381E9001F292B /* CardholderTests.swift */; };
/* End PBXBuildFile section */

/* Begin PBXContainerItemProxy section */
		50D43E3E284381E9001F292B /* PBXContainerItemProxy */ = {
			isa = PBXContainerItemProxy;
			containerPortal = 502BF467283E81B800424F5E /* Project object */;
			proxyType = 1;
			remoteGlobalIDString = 502BF46E283E81B800424F5E;
			remoteInfo = Cardholder;
		};
/* End PBXContainerItemProxy section */

/* Begin PBXFileReference section */
		50118579288C491400843301 /* CardTextFieldView.swift */ = {isa = PBXFileReference; lastKnownFileType = sourcecode.swift; path = CardTextFieldView.swift; sourceTree = "<group>"; };
		5011857B288C682100843301 /* CardTextFieldToCopyView.swift */ = {isa = PBXFileReference; lastKnownFileType = sourcecode.swift; path = CardTextFieldToCopyView.swift; sourceTree = "<group>"; };
		502BF46F283E81B800424F5E /* Cardholder.app */ = {isa = PBXFileReference; explicitFileType = wrapper.application; includeInIndex = 0; path = Cardholder.app; sourceTree = BUILT_PRODUCTS_DIR; };
		502BF472283E81B800424F5E /* CardholderApp.swift */ = {isa = PBXFileReference; lastKnownFileType = sourcecode.swift; path = CardholderApp.swift; sourceTree = "<group>"; };
		502BF474283E81B800424F5E /* MainScreenView.swift */ = {isa = PBXFileReference; lastKnownFileType = sourcecode.swift; path = MainScreenView.swift; sourceTree = "<group>"; };
		502BF476283E81BB00424F5E /* Assets.xcassets */ = {isa = PBXFileReference; lastKnownFileType = folder.assetcatalog; path = Assets.xcassets; sourceTree = "<group>"; };
		502BF479283E81BB00424F5E /* Preview Assets.xcassets */ = {isa = PBXFileReference; lastKnownFileType = folder.assetcatalog; path = "Preview Assets.xcassets"; sourceTree = "<group>"; };
		5030FE31283E9AA4002A3B95 /* RoundedButtonView.swift */ = {isa = PBXFileReference; lastKnownFileType = sourcecode.swift; path = RoundedButtonView.swift; sourceTree = "<group>"; };
		5030FE33283F7BF5002A3B95 /* CardView.swift */ = {isa = PBXFileReference; lastKnownFileType = sourcecode.swift; path = CardView.swift; sourceTree = "<group>"; };
		5030FE36283FAB24002A3B95 /* Card.swift */ = {isa = PBXFileReference; lastKnownFileType = sourcecode.swift; path = Card.swift; sourceTree = "<group>"; };
		5030FE39283FAF3E002A3B95 /* CardViewModel.swift */ = {isa = PBXFileReference; lastKnownFileType = sourcecode.swift; path = CardViewModel.swift; sourceTree = "<group>"; };
		503CCFB8284D435E006CDBBC /* CardDetails.swift */ = {isa = PBXFileReference; lastKnownFileType = sourcecode.swift; path = CardDetails.swift; sourceTree = "<group>"; };
		503F4362289EE01C0050F2FF /* NotesView.swift */ = {isa = PBXFileReference; lastKnownFileType = sourcecode.swift; path = NotesView.swift; sourceTree = "<group>"; };
		503F4365289EEE040050F2FF /* OnBoardingView.swift */ = {isa = PBXFileReference; lastKnownFileType = sourcecode.swift; path = OnBoardingView.swift; sourceTree = "<group>"; };
		5045BBFC28479AD7008A633A /* CardStyle.swift */ = {isa = PBXFileReference; lastKnownFileType = sourcecode.swift; path = CardStyle.swift; sourceTree = "<group>"; };
		5045BBFE28479B47008A633A /* Provider.swift */ = {isa = PBXFileReference; lastKnownFileType = sourcecode.swift; path = Provider.swift; sourceTree = "<group>"; };
		5045BC0028479B9B008A633A /* CustomFont.swift */ = {isa = PBXFileReference; lastKnownFileType = sourcecode.swift; path = CustomFont.swift; sourceTree = "<group>"; };
		5045BC0428479F56008A633A /* Storage.swift */ = {isa = PBXFileReference; lastKnownFileType = sourcecode.swift; path = Storage.swift; sourceTree = "<group>"; };
		5045BC062847C03D008A633A /* CustomTextFieldStyle.swift */ = {isa = PBXFileReference; lastKnownFileType = sourcecode.swift; path = CustomTextFieldStyle.swift; sourceTree = "<group>"; };
		5045BC082848D004008A633A /* CardNumberFormatter.swift */ = {isa = PBXFileReference; lastKnownFileType = sourcecode.swift; path = CardNumberFormatter.swift; sourceTree = "<group>"; };
		5045BC0C28495F52008A633A /* KeyboardPublisher+View.swift */ = {isa = PBXFileReference; lastKnownFileType = sourcecode.swift; path = "KeyboardPublisher+View.swift"; sourceTree = "<group>"; };
		5079EEE7284A58A1002481D2 /* CardStyleCollectionView.swift */ = {isa = PBXFileReference; lastKnownFileType = sourcecode.swift; path = CardStyleCollectionView.swift; sourceTree = "<group>"; };
		5086D2342843D48200E471CC /* AddNewCardView.swift */ = {isa = PBXFileReference; lastKnownFileType = sourcecode.swift; path = AddNewCardView.swift; sourceTree = "<group>"; };
		50AF7392284671C2000017F1 /* HideKeyboard+View.swift */ = {isa = PBXFileReference; lastKnownFileType = sourcecode.swift; path = "HideKeyboard+View.swift"; sourceTree = "<group>"; };
		50D43E3A284381E9001F292B /* CardholderTests.xctest */ = {isa = PBXFileReference; explicitFileType = wrapper.cfbundle; includeInIndex = 0; path = CardholderTests.xctest; sourceTree = BUILT_PRODUCTS_DIR; };
		50D43E3C284381E9001F292B /* CardholderTests.swift */ = {isa = PBXFileReference; lastKnownFileType = sourcecode.swift; path = CardholderTests.swift; sourceTree = "<group>"; };
/* End PBXFileReference section */

/* Begin PBXFrameworksBuildPhase section */
		502BF46C283E81B800424F5E /* Frameworks */ = {
			isa = PBXFrameworksBuildPhase;
			buildActionMask = 2147483647;
			files = (
				503E113928A6E661008A7CE0 /* KeychainSwift in Frameworks */,
				50313FAF289E99FA00B9A88D /* PartialSheet in Frameworks */,
			);
			runOnlyForDeploymentPostprocessing = 0;
		};
		50D43E37284381E9001F292B /* Frameworks */ = {
			isa = PBXFrameworksBuildPhase;
			buildActionMask = 2147483647;
			files = (
			);
			runOnlyForDeploymentPostprocessing = 0;
		};
/* End PBXFrameworksBuildPhase section */

/* Begin PBXGroup section */
		502BF466283E81B800424F5E = {
			isa = PBXGroup;
			children = (
				502BF471283E81B800424F5E /* Cardholder */,
				50D43E3B284381E9001F292B /* CardholderTests */,
				502BF470283E81B800424F5E /* Products */,
			);
			sourceTree = "<group>";
		};
		502BF470283E81B800424F5E /* Products */ = {
			isa = PBXGroup;
			children = (
				502BF46F283E81B800424F5E /* Cardholder.app */,
				50D43E3A284381E9001F292B /* CardholderTests.xctest */,
			);
			name = Products;
			sourceTree = "<group>";
		};
		502BF471283E81B800424F5E /* Cardholder */ = {
			isa = PBXGroup;
			children = (
				5045BC0328479F38008A633A /* Services */,
				5045BC0228479D39008A633A /* Resources */,
				50AF7391284671AB000017F1 /* Extentions */,
				502BF472283E81B800424F5E /* CardholderApp.swift */,
				5030FE38283FAF2E002A3B95 /* ViewModels */,
				5030FE35283FAB15002A3B95 /* Models */,
				502BF480283E971100424F5E /* Views */,
				502BF476283E81BB00424F5E /* Assets.xcassets */,
				502BF478283E81BB00424F5E /* Preview Content */,
			);
			path = Cardholder;
			sourceTree = "<group>";
		};
		502BF478283E81BB00424F5E /* Preview Content */ = {
			isa = PBXGroup;
			children = (
				502BF479283E81BB00424F5E /* Preview Assets.xcassets */,
			);
			path = "Preview Content";
			sourceTree = "<group>";
		};
		502BF480283E971100424F5E /* Views */ = {
			isa = PBXGroup;
			children = (
				503F4364289EEDEC0050F2FF /* Onboarding */,
				502BF474283E81B800424F5E /* MainScreenView.swift */,
				503F4361289EE0120050F2FF /* Notes */,
				503CCFB7284D433A006CDBBC /* Card detail views */,
				503CCFB6284D42E3006CDBBC /* Common */,
				5045BC2A284A57AF008A633A /* Add new or edit card */,
			);
			path = Views;
			sourceTree = "<group>";
		};
		5030FE35283FAB15002A3B95 /* Models */ = {
			isa = PBXGroup;
			children = (
				5030FE36283FAB24002A3B95 /* Card.swift */,
			);
			path = Models;
			sourceTree = "<group>";
		};
		5030FE38283FAF2E002A3B95 /* ViewModels */ = {
			isa = PBXGroup;
			children = (
				5030FE39283FAF3E002A3B95 /* CardViewModel.swift */,
			);
			path = ViewModels;
			sourceTree = "<group>";
		};
		503CCFB6284D42E3006CDBBC /* Common */ = {
			isa = PBXGroup;
			children = (
				5030FE31283E9AA4002A3B95 /* RoundedButtonView.swift */,
				5030FE33283F7BF5002A3B95 /* CardView.swift */,
			);
			path = Common;
			sourceTree = "<group>";
		};
		503CCFB7284D433A006CDBBC /* Card detail views */ = {
			isa = PBXGroup;
			children = (
				503CCFB8284D435E006CDBBC /* CardDetails.swift */,
				5011857B288C682100843301 /* CardTextFieldToCopyView.swift */,
			);
			path = "Card detail views";
			sourceTree = "<group>";
		};
		503F4361289EE0120050F2FF /* Notes */ = {
			isa = PBXGroup;
			children = (
				503F4362289EE01C0050F2FF /* NotesView.swift */,
			);
			path = Notes;
			sourceTree = "<group>";
		};
		503F4364289EEDEC0050F2FF /* Onboarding */ = {
			isa = PBXGroup;
			children = (
				503F4365289EEE040050F2FF /* OnBoardingView.swift */,
			);
			path = Onboarding;
			sourceTree = "<group>";
		};
		5045BC0228479D39008A633A /* Resources */ = {
			isa = PBXGroup;
			children = (
				5045BBFC28479AD7008A633A /* CardStyle.swift */,
				5045BBFE28479B47008A633A /* Provider.swift */,
				5045BC0028479B9B008A633A /* CustomFont.swift */,
				5045BC062847C03D008A633A /* CustomTextFieldStyle.swift */,
				5045BC082848D004008A633A /* CardNumberFormatter.swift */,
			);
			path = Resources;
			sourceTree = "<group>";
		};
		5045BC0328479F38008A633A /* Services */ = {
			isa = PBXGroup;
			children = (
				5045BC0428479F56008A633A /* Storage.swift */,
			);
			path = Services;
			sourceTree = "<group>";
		};
		5045BC2A284A57AF008A633A /* Add new or edit card */ = {
			isa = PBXGroup;
			children = (
				5086D2342843D48200E471CC /* AddNewCardView.swift */,
				5079EEE7284A58A1002481D2 /* CardStyleCollectionView.swift */,
				50118579288C491400843301 /* CardTextFieldView.swift */,
			);
			path = "Add new or edit card";
			sourceTree = "<group>";
		};
		50AF7391284671AB000017F1 /* Extentions */ = {
			isa = PBXGroup;
			children = (
				50AF7392284671C2000017F1 /* HideKeyboard+View.swift */,
				5045BC0C28495F52008A633A /* KeyboardPublisher+View.swift */,
			);
			path = Extentions;
			sourceTree = "<group>";
		};
		50D43E3B284381E9001F292B /* CardholderTests */ = {
			isa = PBXGroup;
			children = (
				50D43E3C284381E9001F292B /* CardholderTests.swift */,
			);
			path = CardholderTests;
			sourceTree = "<group>";
		};
/* End PBXGroup section */

/* Begin PBXNativeTarget section */
		502BF46E283E81B800424F5E /* Cardholder */ = {
			isa = PBXNativeTarget;
			buildConfigurationList = 502BF47D283E81BB00424F5E /* Build configuration list for PBXNativeTarget "Cardholder" */;
			buildPhases = (
				502BF46B283E81B800424F5E /* Sources */,
				502BF46C283E81B800424F5E /* Frameworks */,
				502BF46D283E81B800424F5E /* Resources */,
			);
			buildRules = (
			);
			dependencies = (
			);
			name = Cardholder;
			packageProductDependencies = (
				50313FAE289E99FA00B9A88D /* PartialSheet */,
				503E113828A6E661008A7CE0 /* KeychainSwift */,
			);
			productName = Cardholder;
			productReference = 502BF46F283E81B800424F5E /* Cardholder.app */;
			productType = "com.apple.product-type.application";
		};
		50D43E39284381E9001F292B /* CardholderTests */ = {
			isa = PBXNativeTarget;
			buildConfigurationList = 50D43E40284381E9001F292B /* Build configuration list for PBXNativeTarget "CardholderTests" */;
			buildPhases = (
				50D43E36284381E9001F292B /* Sources */,
				50D43E37284381E9001F292B /* Frameworks */,
				50D43E38284381E9001F292B /* Resources */,
			);
			buildRules = (
			);
			dependencies = (
				50D43E3F284381E9001F292B /* PBXTargetDependency */,
			);
			name = CardholderTests;
			productName = CardholderTests;
			productReference = 50D43E3A284381E9001F292B /* CardholderTests.xctest */;
			productType = "com.apple.product-type.bundle.unit-test";
		};
/* End PBXNativeTarget section */

/* Begin PBXProject section */
		502BF467283E81B800424F5E /* Project object */ = {
			isa = PBXProject;
			attributes = {
				BuildIndependentTargetsInParallel = 1;
				LastSwiftUpdateCheck = 1330;
				LastUpgradeCheck = 1330;
				TargetAttributes = {
					502BF46E283E81B800424F5E = {
						CreatedOnToolsVersion = 13.3.1;
					};
					50D43E39284381E9001F292B = {
						CreatedOnToolsVersion = 13.3.1;
						TestTargetID = 502BF46E283E81B800424F5E;
					};
				};
			};
			buildConfigurationList = 502BF46A283E81B800424F5E /* Build configuration list for PBXProject "Cardholder" */;
			compatibilityVersion = "Xcode 13.0";
			developmentRegion = en;
			hasScannedForEncodings = 0;
			knownRegions = (
				en,
				Base,
			);
			mainGroup = 502BF466283E81B800424F5E;
			packageReferences = (
				50313FAD289E99FA00B9A88D /* XCRemoteSwiftPackageReference "PartialSheet" */,
				503E113728A6E661008A7CE0 /* XCRemoteSwiftPackageReference "keychain-swift" */,
			);
			productRefGroup = 502BF470283E81B800424F5E /* Products */;
			projectDirPath = "";
			projectRoot = "";
			targets = (
				502BF46E283E81B800424F5E /* Cardholder */,
				50D43E39284381E9001F292B /* CardholderTests */,
			);
		};
/* End PBXProject section */

/* Begin PBXResourcesBuildPhase section */
		502BF46D283E81B800424F5E /* Resources */ = {
			isa = PBXResourcesBuildPhase;
			buildActionMask = 2147483647;
			files = (
				502BF47A283E81BB00424F5E /* Preview Assets.xcassets in Resources */,
				502BF477283E81BB00424F5E /* Assets.xcassets in Resources */,
			);
			runOnlyForDeploymentPostprocessing = 0;
		};
		50D43E38284381E9001F292B /* Resources */ = {
			isa = PBXResourcesBuildPhase;
			buildActionMask = 2147483647;
			files = (
			);
			runOnlyForDeploymentPostprocessing = 0;
		};
/* End PBXResourcesBuildPhase section */

/* Begin PBXSourcesBuildPhase section */
		502BF46B283E81B800424F5E /* Sources */ = {
			isa = PBXSourcesBuildPhase;
			buildActionMask = 2147483647;
			files = (
				5030FE32283E9AA4002A3B95 /* RoundedButtonView.swift in Sources */,
				50AF7393284671C2000017F1 /* HideKeyboard+View.swift in Sources */,
				503F4363289EE01C0050F2FF /* NotesView.swift in Sources */,
				502BF475283E81B800424F5E /* MainScreenView.swift in Sources */,
				5030FE3A283FAF3E002A3B95 /* CardViewModel.swift in Sources */,
				5045BBFD28479AD7008A633A /* CardStyle.swift in Sources */,
				5086D2352843D48200E471CC /* AddNewCardView.swift in Sources */,
				5045BC0528479F56008A633A /* Storage.swift in Sources */,
				5045BBFF28479B47008A633A /* Provider.swift in Sources */,
				503F4366289EEE040050F2FF /* OnBoardingView.swift in Sources */,
				5030FE34283F7BF5002A3B95 /* CardView.swift in Sources */,
				5011857C288C682100843301 /* CardTextFieldToCopyView.swift in Sources */,
				5045BC0128479B9B008A633A /* CustomFont.swift in Sources */,
				5011857A288C491400843301 /* CardTextFieldView.swift in Sources */,
				502BF473283E81B800424F5E /* CardholderApp.swift in Sources */,
				5045BC0D28495F52008A633A /* KeyboardPublisher+View.swift in Sources */,
				5079EEE8284A58A1002481D2 /* CardStyleCollectionView.swift in Sources */,
				5045BC072847C03D008A633A /* CustomTextFieldStyle.swift in Sources */,
				5030FE37283FAB24002A3B95 /* Card.swift in Sources */,
				503CCFB9284D435E006CDBBC /* CardDetails.swift in Sources */,
				5045BC092848D004008A633A /* CardNumberFormatter.swift in Sources */,
			);
			runOnlyForDeploymentPostprocessing = 0;
		};
		50D43E36284381E9001F292B /* Sources */ = {
			isa = PBXSourcesBuildPhase;
			buildActionMask = 2147483647;
			files = (
				50D43E3D284381E9001F292B /* CardholderTests.swift in Sources */,
			);
			runOnlyForDeploymentPostprocessing = 0;
		};
/* End PBXSourcesBuildPhase section */

/* Begin PBXTargetDependency section */
		50D43E3F284381E9001F292B /* PBXTargetDependency */ = {
			isa = PBXTargetDependency;
			target = 502BF46E283E81B800424F5E /* Cardholder */;
			targetProxy = 50D43E3E284381E9001F292B /* PBXContainerItemProxy */;
		};
/* End PBXTargetDependency section */

/* Begin XCBuildConfiguration section */
		502BF47B283E81BB00424F5E /* Debug */ = {
			isa = XCBuildConfiguration;
			buildSettings = {
				ALWAYS_SEARCH_USER_PATHS = NO;
				CLANG_ANALYZER_NONNULL = YES;
				CLANG_ANALYZER_NUMBER_OBJECT_CONVERSION = YES_AGGRESSIVE;
				CLANG_CXX_LANGUAGE_STANDARD = "gnu++17";
				CLANG_ENABLE_MODULES = YES;
				CLANG_ENABLE_OBJC_ARC = YES;
				CLANG_ENABLE_OBJC_WEAK = YES;
				CLANG_WARN_BLOCK_CAPTURE_AUTORELEASING = YES;
				CLANG_WARN_BOOL_CONVERSION = YES;
				CLANG_WARN_COMMA = YES;
				CLANG_WARN_CONSTANT_CONVERSION = YES;
				CLANG_WARN_DEPRECATED_OBJC_IMPLEMENTATIONS = YES;
				CLANG_WARN_DIRECT_OBJC_ISA_USAGE = YES_ERROR;
				CLANG_WARN_DOCUMENTATION_COMMENTS = YES;
				CLANG_WARN_EMPTY_BODY = YES;
				CLANG_WARN_ENUM_CONVERSION = YES;
				CLANG_WARN_INFINITE_RECURSION = YES;
				CLANG_WARN_INT_CONVERSION = YES;
				CLANG_WARN_NON_LITERAL_NULL_CONVERSION = YES;
				CLANG_WARN_OBJC_IMPLICIT_RETAIN_SELF = YES;
				CLANG_WARN_OBJC_LITERAL_CONVERSION = YES;
				CLANG_WARN_OBJC_ROOT_CLASS = YES_ERROR;
				CLANG_WARN_QUOTED_INCLUDE_IN_FRAMEWORK_HEADER = YES;
				CLANG_WARN_RANGE_LOOP_ANALYSIS = YES;
				CLANG_WARN_STRICT_PROTOTYPES = YES;
				CLANG_WARN_SUSPICIOUS_MOVE = YES;
				CLANG_WARN_UNGUARDED_AVAILABILITY = YES_AGGRESSIVE;
				CLANG_WARN_UNREACHABLE_CODE = YES;
				CLANG_WARN__DUPLICATE_METHOD_MATCH = YES;
				COPY_PHASE_STRIP = NO;
				DEBUG_INFORMATION_FORMAT = dwarf;
				ENABLE_STRICT_OBJC_MSGSEND = YES;
				ENABLE_TESTABILITY = YES;
				GCC_C_LANGUAGE_STANDARD = gnu11;
				GCC_DYNAMIC_NO_PIC = NO;
				GCC_NO_COMMON_BLOCKS = YES;
				GCC_OPTIMIZATION_LEVEL = s;
				GCC_PREPROCESSOR_DEFINITIONS = (
					"DEBUG=1",
					"$(inherited)",
				);
				GCC_WARN_64_TO_32_BIT_CONVERSION = YES;
				GCC_WARN_ABOUT_RETURN_TYPE = YES_ERROR;
				GCC_WARN_UNDECLARED_SELECTOR = YES;
				GCC_WARN_UNINITIALIZED_AUTOS = YES_AGGRESSIVE;
				GCC_WARN_UNUSED_FUNCTION = YES;
				GCC_WARN_UNUSED_VARIABLE = YES;
				IPHONEOS_DEPLOYMENT_TARGET = 15.0;
				MTL_ENABLE_DEBUG_INFO = INCLUDE_SOURCE;
				MTL_FAST_MATH = YES;
				ONLY_ACTIVE_ARCH = YES;
				SDKROOT = iphoneos;
				SWIFT_ACTIVE_COMPILATION_CONDITIONS = DEBUG;
				SWIFT_OPTIMIZATION_LEVEL = "-Onone";
			};
			name = Debug;
		};
		502BF47C283E81BB00424F5E /* Release */ = {
			isa = XCBuildConfiguration;
			buildSettings = {
				ALWAYS_SEARCH_USER_PATHS = NO;
				CLANG_ANALYZER_NONNULL = YES;
				CLANG_ANALYZER_NUMBER_OBJECT_CONVERSION = YES_AGGRESSIVE;
				CLANG_CXX_LANGUAGE_STANDARD = "gnu++17";
				CLANG_ENABLE_MODULES = YES;
				CLANG_ENABLE_OBJC_ARC = YES;
				CLANG_ENABLE_OBJC_WEAK = YES;
				CLANG_WARN_BLOCK_CAPTURE_AUTORELEASING = YES;
				CLANG_WARN_BOOL_CONVERSION = YES;
				CLANG_WARN_COMMA = YES;
				CLANG_WARN_CONSTANT_CONVERSION = YES;
				CLANG_WARN_DEPRECATED_OBJC_IMPLEMENTATIONS = YES;
				CLANG_WARN_DIRECT_OBJC_ISA_USAGE = YES_ERROR;
				CLANG_WARN_DOCUMENTATION_COMMENTS = YES;
				CLANG_WARN_EMPTY_BODY = YES;
				CLANG_WARN_ENUM_CONVERSION = YES;
				CLANG_WARN_INFINITE_RECURSION = YES;
				CLANG_WARN_INT_CONVERSION = YES;
				CLANG_WARN_NON_LITERAL_NULL_CONVERSION = YES;
				CLANG_WARN_OBJC_IMPLICIT_RETAIN_SELF = YES;
				CLANG_WARN_OBJC_LITERAL_CONVERSION = YES;
				CLANG_WARN_OBJC_ROOT_CLASS = YES_ERROR;
				CLANG_WARN_QUOTED_INCLUDE_IN_FRAMEWORK_HEADER = YES;
				CLANG_WARN_RANGE_LOOP_ANALYSIS = YES;
				CLANG_WARN_STRICT_PROTOTYPES = YES;
				CLANG_WARN_SUSPICIOUS_MOVE = YES;
				CLANG_WARN_UNGUARDED_AVAILABILITY = YES_AGGRESSIVE;
				CLANG_WARN_UNREACHABLE_CODE = YES;
				CLANG_WARN__DUPLICATE_METHOD_MATCH = YES;
				COPY_PHASE_STRIP = NO;
				DEBUG_INFORMATION_FORMAT = "dwarf-with-dsym";
				ENABLE_NS_ASSERTIONS = NO;
				ENABLE_STRICT_OBJC_MSGSEND = YES;
				GCC_C_LANGUAGE_STANDARD = gnu11;
				GCC_NO_COMMON_BLOCKS = YES;
				GCC_WARN_64_TO_32_BIT_CONVERSION = YES;
				GCC_WARN_ABOUT_RETURN_TYPE = YES_ERROR;
				GCC_WARN_UNDECLARED_SELECTOR = YES;
				GCC_WARN_UNINITIALIZED_AUTOS = YES_AGGRESSIVE;
				GCC_WARN_UNUSED_FUNCTION = YES;
				GCC_WARN_UNUSED_VARIABLE = YES;
				IPHONEOS_DEPLOYMENT_TARGET = 15.0;
				MTL_ENABLE_DEBUG_INFO = NO;
				MTL_FAST_MATH = YES;
				SDKROOT = iphoneos;
				SWIFT_COMPILATION_MODE = wholemodule;
				SWIFT_OPTIMIZATION_LEVEL = "-Onone";
				VALIDATE_PRODUCT = YES;
			};
			name = Release;
		};
		502BF47E283E81BB00424F5E /* Debug */ = {
			isa = XCBuildConfiguration;
			buildSettings = {
				ASSETCATALOG_COMPILER_APPICON_NAME = AppIcon;
				ASSETCATALOG_COMPILER_GLOBAL_ACCENT_COLOR_NAME = AccentColor;
				CODE_SIGN_STYLE = Automatic;
				CURRENT_PROJECT_VERSION = 1;
				DEVELOPMENT_ASSET_PATHS = "\"Cardholder/Preview Content\"";
				DEVELOPMENT_TEAM = 6J7BMHDBAB;
				ENABLE_PREVIEWS = YES;
				GENERATE_INFOPLIST_FILE = YES;
				INFOPLIST_KEY_UIApplicationSceneManifest_Generation = YES;
				INFOPLIST_KEY_UIApplicationSupportsIndirectInputEvents = YES;
				INFOPLIST_KEY_UILaunchScreen_Generation = YES;
				INFOPLIST_KEY_UISupportedInterfaceOrientations_iPad = "UIInterfaceOrientationPortrait UIInterfaceOrientationPortraitUpsideDown UIInterfaceOrientationLandscapeLeft UIInterfaceOrientationLandscapeRight";
				INFOPLIST_KEY_UISupportedInterfaceOrientations_iPhone = "UIInterfaceOrientationPortrait UIInterfaceOrientationLandscapeLeft UIInterfaceOrientationLandscapeRight";
				LD_RUNPATH_SEARCH_PATHS = (
					"$(inherited)",
					"@executable_path/Frameworks",
				);
				MARKETING_VERSION = 1.0;
				PRODUCT_BUNDLE_IDENTIFIER = com.shashkov.Cardholder;
				PRODUCT_NAME = "$(TARGET_NAME)";
				SWIFT_EMIT_LOC_STRINGS = YES;
				SWIFT_VERSION = 5.0;
				TARGETED_DEVICE_FAMILY = "1,2";
			};
			name = Debug;
		};
		502BF47F283E81BB00424F5E /* Release */ = {
			isa = XCBuildConfiguration;
			buildSettings = {
				ASSETCATALOG_COMPILER_APPICON_NAME = AppIcon;
				ASSETCATALOG_COMPILER_GLOBAL_ACCENT_COLOR_NAME = AccentColor;
				CODE_SIGN_STYLE = Automatic;
				CURRENT_PROJECT_VERSION = 1;
				DEVELOPMENT_ASSET_PATHS = "\"Cardholder/Preview Content\"";
				DEVELOPMENT_TEAM = 6J7BMHDBAB;
				ENABLE_PREVIEWS = YES;
				GENERATE_INFOPLIST_FILE = YES;
				INFOPLIST_KEY_UIApplicationSceneManifest_Generation = YES;
				INFOPLIST_KEY_UIApplicationSupportsIndirectInputEvents = YES;
				INFOPLIST_KEY_UILaunchScreen_Generation = YES;
				INFOPLIST_KEY_UISupportedInterfaceOrientations_iPad = "UIInterfaceOrientationPortrait UIInterfaceOrientationPortraitUpsideDown UIInterfaceOrientationLandscapeLeft UIInterfaceOrientationLandscapeRight";
				INFOPLIST_KEY_UISupportedInterfaceOrientations_iPhone = "UIInterfaceOrientationPortrait UIInterfaceOrientationLandscapeLeft UIInterfaceOrientationLandscapeRight";
				LD_RUNPATH_SEARCH_PATHS = (
					"$(inherited)",
					"@executable_path/Frameworks",
				);
				MARKETING_VERSION = 1.0;
				PRODUCT_BUNDLE_IDENTIFIER = com.shashkov.Cardholder;
				PRODUCT_NAME = "$(TARGET_NAME)";
				SWIFT_EMIT_LOC_STRINGS = YES;
				SWIFT_VERSION = 5.0;
				TARGETED_DEVICE_FAMILY = "1,2";
			};
			name = Release;
		};
		50D43E41284381E9001F292B /* Debug */ = {
			isa = XCBuildConfiguration;
			buildSettings = {
				BUNDLE_LOADER = "$(TEST_HOST)";
				CODE_SIGN_STYLE = Automatic;
				CURRENT_PROJECT_VERSION = 1;
				DEVELOPMENT_TEAM = 6J7BMHDBAB;
				GENERATE_INFOPLIST_FILE = YES;
				IPHONEOS_DEPLOYMENT_TARGET = 15.4;
				MARKETING_VERSION = 1.0;
				PRODUCT_BUNDLE_IDENTIFIER = com.shashkov.CardholderTests;
				PRODUCT_NAME = "$(TARGET_NAME)";
				SWIFT_EMIT_LOC_STRINGS = NO;
				SWIFT_VERSION = 5.0;
				TARGETED_DEVICE_FAMILY = "1,2";
				TEST_HOST = "$(BUILT_PRODUCTS_DIR)/Cardholder.app/Cardholder";
			};
			name = Debug;
		};
		50D43E42284381E9001F292B /* Release */ = {
			isa = XCBuildConfiguration;
			buildSettings = {
				BUNDLE_LOADER = "$(TEST_HOST)";
				CODE_SIGN_STYLE = Automatic;
				CURRENT_PROJECT_VERSION = 1;
				DEVELOPMENT_TEAM = 6J7BMHDBAB;
				GENERATE_INFOPLIST_FILE = YES;
				IPHONEOS_DEPLOYMENT_TARGET = 15.4;
				MARKETING_VERSION = 1.0;
				PRODUCT_BUNDLE_IDENTIFIER = com.shashkov.CardholderTests;
				PRODUCT_NAME = "$(TARGET_NAME)";
				SWIFT_EMIT_LOC_STRINGS = NO;
				SWIFT_VERSION = 5.0;
				TARGETED_DEVICE_FAMILY = "1,2";
				TEST_HOST = "$(BUILT_PRODUCTS_DIR)/Cardholder.app/Cardholder";
			};
			name = Release;
		};
/* End XCBuildConfiguration section */

/* Begin XCConfigurationList section */
		502BF46A283E81B800424F5E /* Build configuration list for PBXProject "Cardholder" */ = {
			isa = XCConfigurationList;
			buildConfigurations = (
				502BF47B283E81BB00424F5E /* Debug */,
				502BF47C283E81BB00424F5E /* Release */,
			);
			defaultConfigurationIsVisible = 0;
			defaultConfigurationName = Release;
		};
		502BF47D283E81BB00424F5E /* Build configuration list for PBXNativeTarget "Cardholder" */ = {
			isa = XCConfigurationList;
			buildConfigurations = (
				502BF47E283E81BB00424F5E /* Debug */,
				502BF47F283E81BB00424F5E /* Release */,
			);
			defaultConfigurationIsVisible = 0;
			defaultConfigurationName = Release;
		};
		50D43E40284381E9001F292B /* Build configuration list for PBXNativeTarget "CardholderTests" */ = {
			isa = XCConfigurationList;
			buildConfigurations = (
				50D43E41284381E9001F292B /* Debug */,
				50D43E42284381E9001F292B /* Release */,
			);
			defaultConfigurationIsVisible = 0;
			defaultConfigurationName = Release;
		};
/* End XCConfigurationList section */

/* Begin XCRemoteSwiftPackageReference section */
		50313FAD289E99FA00B9A88D /* XCRemoteSwiftPackageReference "PartialSheet" */ = {
			isa = XCRemoteSwiftPackageReference;
			repositoryURL = "https://github.com/AndreaMiotto/PartialSheet";
			requirement = {
				kind = exactVersion;
				version = 3.1.0;
			};
		};
		503E113728A6E661008A7CE0 /* XCRemoteSwiftPackageReference "keychain-swift" */ = {
			isa = XCRemoteSwiftPackageReference;
			repositoryURL = "https://github.com/evgenyneu/keychain-swift";
			requirement = {
				branch = master;
				kind = branch;
			};
		};
/* End XCRemoteSwiftPackageReference section */

/* Begin XCSwiftPackageProductDependency section */
		50313FAE289E99FA00B9A88D /* PartialSheet */ = {
			isa = XCSwiftPackageProductDependency;
			package = 50313FAD289E99FA00B9A88D /* XCRemoteSwiftPackageReference "PartialSheet" */;
			productName = PartialSheet;
		};
		503E113828A6E661008A7CE0 /* KeychainSwift */ = {
			isa = XCSwiftPackageProductDependency;
			package = 503E113728A6E661008A7CE0 /* XCRemoteSwiftPackageReference "keychain-swift" */;
			productName = KeychainSwift;
		};
/* End XCSwiftPackageProductDependency section */
	};
	rootObject = 502BF467283E81B800424F5E /* Project object */;
}
